// !$*UTF8*$!
{
	archiveVersion = 1;
	classes = {
	};
	objectVersion = 51;
	objects = {

/* Begin PBXBuildFile section */
		5789B761BBB050E1F51B1BEE /* Pods_Parstagram_ParstagramUITests.framework in Frameworks */ = {isa = PBXBuildFile; fileRef = 22FDDA0B98DA9C14503883F5 /* Pods_Parstagram_ParstagramUITests.framework */; };
		A44327672C3916304631023E /* Pods_Parstagram.framework in Frameworks */ = {isa = PBXBuildFile; fileRef = F757D73BC41D90522940F272 /* Pods_Parstagram.framework */; };
		AA1307AE2543C83900C743C3 /* const.swift in Sources */ = {isa = PBXBuildFile; fileRef = AA1307AD2543C83900C743C3 /* const.swift */; };
		AA1307B62543CF1900C743C3 /* LoginViewController.swift in Sources */ = {isa = PBXBuildFile; fileRef = AA1307B52543CF1900C743C3 /* LoginViewController.swift */; };
		AA1307BB2543CF2B00C743C3 /* FeedViewController.swift in Sources */ = {isa = PBXBuildFile; fileRef = AA1307BA2543CF2B00C743C3 /* FeedViewController.swift */; };
		AA1307C02543DE1200C743C3 /* CameraViewController.swift in Sources */ = {isa = PBXBuildFile; fileRef = AA1307BF2543DE1200C743C3 /* CameraViewController.swift */; };
		AA1307C52543F10A00C743C3 /* PostCell.swift in Sources */ = {isa = PBXBuildFile; fileRef = AA1307C42543F10A00C743C3 /* PostCell.swift */; };
		AA31E2E2254D0D720007580B /* CommentCell.swift in Sources */ = {isa = PBXBuildFile; fileRef = AA31E2E1254D0D720007580B /* CommentCell.swift */; };
		AA84A9F82543BE7700CFF427 /* AppDelegate.swift in Sources */ = {isa = PBXBuildFile; fileRef = AA84A9F72543BE7700CFF427 /* AppDelegate.swift */; };
		AA84A9FA2543BE7700CFF427 /* SceneDelegate.swift in Sources */ = {isa = PBXBuildFile; fileRef = AA84A9F92543BE7700CFF427 /* SceneDelegate.swift */; };
		AA84A9FF2543BE7700CFF427 /* Main.storyboard in Resources */ = {isa = PBXBuildFile; fileRef = AA84A9FD2543BE7700CFF427 /* Main.storyboard */; };
		AA84AA012543BE7700CFF427 /* Assets.xcassets in Resources */ = {isa = PBXBuildFile; fileRef = AA84AA002543BE7700CFF427 /* Assets.xcassets */; };
		AA84AA042543BE7700CFF427 /* LaunchScreen.storyboard in Resources */ = {isa = PBXBuildFile; fileRef = AA84AA022543BE7700CFF427 /* LaunchScreen.storyboard */; };
		AA84AA0F2543BE7800CFF427 /* ParstagramTests.swift in Sources */ = {isa = PBXBuildFile; fileRef = AA84AA0E2543BE7800CFF427 /* ParstagramTests.swift */; };
		AA84AA1A2543BE7800CFF427 /* ParstagramUITests.swift in Sources */ = {isa = PBXBuildFile; fileRef = AA84AA192543BE7800CFF427 /* ParstagramUITests.swift */; };
		FE27A60378690C5F9A3176E7 /* Pods_ParstagramTests.framework in Frameworks */ = {isa = PBXBuildFile; fileRef = 7372F537C4B292CB7B4CD5E2 /* Pods_ParstagramTests.framework */; };
/* End PBXBuildFile section */

/* Begin PBXContainerItemProxy section */
		AA84AA0B2543BE7800CFF427 /* PBXContainerItemProxy */ = {
			isa = PBXContainerItemProxy;
			containerPortal = AA84A9EC2543BE7700CFF427 /* Project object */;
			proxyType = 1;
			remoteGlobalIDString = AA84A9F32543BE7700CFF427;
			remoteInfo = Parstagram;
		};
		AA84AA162543BE7800CFF427 /* PBXContainerItemProxy */ = {
			isa = PBXContainerItemProxy;
			containerPortal = AA84A9EC2543BE7700CFF427 /* Project object */;
			proxyType = 1;
			remoteGlobalIDString = AA84A9F32543BE7700CFF427;
			remoteInfo = Parstagram;
		};
/* End PBXContainerItemProxy section */

/* Begin PBXFileReference section */
		09AA86B7BF6B6359795572AF /* Pods-Parstagram.debug.xcconfig */ = {isa = PBXFileReference; includeInIndex = 1; lastKnownFileType = text.xcconfig; name = "Pods-Parstagram.debug.xcconfig"; path = "Target Support Files/Pods-Parstagram/Pods-Parstagram.debug.xcconfig"; sourceTree = "<group>"; };
		22FDDA0B98DA9C14503883F5 /* Pods_Parstagram_ParstagramUITests.framework */ = {isa = PBXFileReference; explicitFileType = wrapper.framework; includeInIndex = 0; path = Pods_Parstagram_ParstagramUITests.framework; sourceTree = BUILT_PRODUCTS_DIR; };
		2A487932501EA578D2148104 /* Pods-Parstagram.release.xcconfig */ = {isa = PBXFileReference; includeInIndex = 1; lastKnownFileType = text.xcconfig; name = "Pods-Parstagram.release.xcconfig"; path = "Target Support Files/Pods-Parstagram/Pods-Parstagram.release.xcconfig"; sourceTree = "<group>"; };
		57B6782AB4A5025CC218A340 /* Pods-Parstagram-ParstagramUITests.debug.xcconfig */ = {isa = PBXFileReference; includeInIndex = 1; lastKnownFileType = text.xcconfig; name = "Pods-Parstagram-ParstagramUITests.debug.xcconfig"; path = "Target Support Files/Pods-Parstagram-ParstagramUITests/Pods-Parstagram-ParstagramUITests.debug.xcconfig"; sourceTree = "<group>"; };
		7372F537C4B292CB7B4CD5E2 /* Pods_ParstagramTests.framework */ = {isa = PBXFileReference; explicitFileType = wrapper.framework; includeInIndex = 0; path = Pods_ParstagramTests.framework; sourceTree = BUILT_PRODUCTS_DIR; };
		90EBCF534514C4DF4BAEE924 /* Pods-ParstagramTests.release.xcconfig */ = {isa = PBXFileReference; includeInIndex = 1; lastKnownFileType = text.xcconfig; name = "Pods-ParstagramTests.release.xcconfig"; path = "Target Support Files/Pods-ParstagramTests/Pods-ParstagramTests.release.xcconfig"; sourceTree = "<group>"; };
		AA1307AD2543C83900C743C3 /* const.swift */ = {isa = PBXFileReference; lastKnownFileType = sourcecode.swift; path = const.swift; sourceTree = "<group>"; };
		AA1307B52543CF1900C743C3 /* LoginViewController.swift */ = {isa = PBXFileReference; lastKnownFileType = sourcecode.swift; path = LoginViewController.swift; sourceTree = "<group>"; };
		AA1307BA2543CF2B00C743C3 /* FeedViewController.swift */ = {isa = PBXFileReference; lastKnownFileType = sourcecode.swift; path = FeedViewController.swift; sourceTree = "<group>"; };
		AA1307BF2543DE1200C743C3 /* CameraViewController.swift */ = {isa = PBXFileReference; lastKnownFileType = sourcecode.swift; path = CameraViewController.swift; sourceTree = "<group>"; };
		AA1307C42543F10A00C743C3 /* PostCell.swift */ = {isa = PBXFileReference; lastKnownFileType = sourcecode.swift; path = PostCell.swift; sourceTree = "<group>"; };
		AA31E2E1254D0D720007580B /* CommentCell.swift */ = {isa = PBXFileReference; lastKnownFileType = sourcecode.swift; path = CommentCell.swift; sourceTree = "<group>"; };
		AA84A9F42543BE7700CFF427 /* Parstagram.app */ = {isa = PBXFileReference; explicitFileType = wrapper.application; includeInIndex = 0; path = Parstagram.app; sourceTree = BUILT_PRODUCTS_DIR; };
		AA84A9F72543BE7700CFF427 /* AppDelegate.swift */ = {isa = PBXFileReference; lastKnownFileType = sourcecode.swift; path = AppDelegate.swift; sourceTree = "<group>"; };
		AA84A9F92543BE7700CFF427 /* SceneDelegate.swift */ = {isa = PBXFileReference; lastKnownFileType = sourcecode.swift; path = SceneDelegate.swift; sourceTree = "<group>"; };
		AA84A9FE2543BE7700CFF427 /* Base */ = {isa = PBXFileReference; lastKnownFileType = file.storyboard; name = Base; path = Base.lproj/Main.storyboard; sourceTree = "<group>"; };
		AA84AA002543BE7700CFF427 /* Assets.xcassets */ = {isa = PBXFileReference; lastKnownFileType = folder.assetcatalog; path = Assets.xcassets; sourceTree = "<group>"; };
		AA84AA032543BE7700CFF427 /* Base */ = {isa = PBXFileReference; lastKnownFileType = file.storyboard; name = Base; path = Base.lproj/LaunchScreen.storyboard; sourceTree = "<group>"; };
		AA84AA052543BE7700CFF427 /* Info.plist */ = {isa = PBXFileReference; lastKnownFileType = text.plist.xml; path = Info.plist; sourceTree = "<group>"; };
		AA84AA0A2543BE7800CFF427 /* ParstagramTests.xctest */ = {isa = PBXFileReference; explicitFileType = wrapper.cfbundle; includeInIndex = 0; path = ParstagramTests.xctest; sourceTree = BUILT_PRODUCTS_DIR; };
		AA84AA0E2543BE7800CFF427 /* ParstagramTests.swift */ = {isa = PBXFileReference; lastKnownFileType = sourcecode.swift; path = ParstagramTests.swift; sourceTree = "<group>"; };
		AA84AA102543BE7800CFF427 /* Info.plist */ = {isa = PBXFileReference; lastKnownFileType = text.plist.xml; path = Info.plist; sourceTree = "<group>"; };
		AA84AA152543BE7800CFF427 /* ParstagramUITests.xctest */ = {isa = PBXFileReference; explicitFileType = wrapper.cfbundle; includeInIndex = 0; path = ParstagramUITests.xctest; sourceTree = BUILT_PRODUCTS_DIR; };
		AA84AA192543BE7800CFF427 /* ParstagramUITests.swift */ = {isa = PBXFileReference; lastKnownFileType = sourcecode.swift; path = ParstagramUITests.swift; sourceTree = "<group>"; };
		AA84AA1B2543BE7800CFF427 /* Info.plist */ = {isa = PBXFileReference; lastKnownFileType = text.plist.xml; path = Info.plist; sourceTree = "<group>"; };
		EB1AF5CB0CFFA51FE4BF40C8 /* Pods-Parstagram-ParstagramUITests.release.xcconfig */ = {isa = PBXFileReference; includeInIndex = 1; lastKnownFileType = text.xcconfig; name = "Pods-Parstagram-ParstagramUITests.release.xcconfig"; path = "Target Support Files/Pods-Parstagram-ParstagramUITests/Pods-Parstagram-ParstagramUITests.release.xcconfig"; sourceTree = "<group>"; };
		EE827572231B17F1E9AB0224 /* Pods-ParstagramTests.debug.xcconfig */ = {isa = PBXFileReference; includeInIndex = 1; lastKnownFileType = text.xcconfig; name = "Pods-ParstagramTests.debug.xcconfig"; path = "Target Support Files/Pods-ParstagramTests/Pods-ParstagramTests.debug.xcconfig"; sourceTree = "<group>"; };
		F757D73BC41D90522940F272 /* Pods_Parstagram.framework */ = {isa = PBXFileReference; explicitFileType = wrapper.framework; includeInIndex = 0; path = Pods_Parstagram.framework; sourceTree = BUILT_PRODUCTS_DIR; };
/* End PBXFileReference section */

/* Begin PBXFrameworksBuildPhase section */
		AA84A9F12543BE7700CFF427 /* Frameworks */ = {
			isa = PBXFrameworksBuildPhase;
			buildActionMask = 2147483647;
			files = (
				A44327672C3916304631023E /* Pods_Parstagram.framework in Frameworks */,
			);
			runOnlyForDeploymentPostprocessing = 0;
		};
		AA84AA072543BE7800CFF427 /* Frameworks */ = {
			isa = PBXFrameworksBuildPhase;
			buildActionMask = 2147483647;
			files = (
				FE27A60378690C5F9A3176E7 /* Pods_ParstagramTests.framework in Frameworks */,
			);
			runOnlyForDeploymentPostprocessing = 0;
		};
		AA84AA122543BE7800CFF427 /* Frameworks */ = {
			isa = PBXFrameworksBuildPhase;
			buildActionMask = 2147483647;
			files = (
				5789B761BBB050E1F51B1BEE /* Pods_Parstagram_ParstagramUITests.framework in Frameworks */,
			);
			runOnlyForDeploymentPostprocessing = 0;
		};
/* End PBXFrameworksBuildPhase section */

/* Begin PBXGroup section */
		860F2DB4B7F22D42F3159234 /* Frameworks */ = {
			isa = PBXGroup;
			children = (
				F757D73BC41D90522940F272 /* Pods_Parstagram.framework */,
				22FDDA0B98DA9C14503883F5 /* Pods_Parstagram_ParstagramUITests.framework */,
				7372F537C4B292CB7B4CD5E2 /* Pods_ParstagramTests.framework */,
			);
			name = Frameworks;
			sourceTree = "<group>";
		};
		AA84A9EB2543BE7700CFF427 = {
			isa = PBXGroup;
			children = (
				AA84A9F62543BE7700CFF427 /* Parstagram */,
				AA84AA0D2543BE7800CFF427 /* ParstagramTests */,
				AA84AA182543BE7800CFF427 /* ParstagramUITests */,
				AA84A9F52543BE7700CFF427 /* Products */,
				DDD66E08DE6A6A8C2ADF05DA /* Pods */,
				860F2DB4B7F22D42F3159234 /* Frameworks */,
			);
			sourceTree = "<group>";
		};
		AA84A9F52543BE7700CFF427 /* Products */ = {
			isa = PBXGroup;
			children = (
				AA84A9F42543BE7700CFF427 /* Parstagram.app */,
				AA84AA0A2543BE7800CFF427 /* ParstagramTests.xctest */,
				AA84AA152543BE7800CFF427 /* ParstagramUITests.xctest */,
			);
			name = Products;
			sourceTree = "<group>";
		};
		AA84A9F62543BE7700CFF427 /* Parstagram */ = {
			isa = PBXGroup;
			children = (
				AA84A9F72543BE7700CFF427 /* AppDelegate.swift */,
				AA84A9F92543BE7700CFF427 /* SceneDelegate.swift */,
				AA84A9FD2543BE7700CFF427 /* Main.storyboard */,
				AA84AA002543BE7700CFF427 /* Assets.xcassets */,
				AA84AA022543BE7700CFF427 /* LaunchScreen.storyboard */,
				AA84AA052543BE7700CFF427 /* Info.plist */,
				AA1307AD2543C83900C743C3 /* const.swift */,
				AA1307B52543CF1900C743C3 /* LoginViewController.swift */,
				AA1307BA2543CF2B00C743C3 /* FeedViewController.swift */,
				AA1307BF2543DE1200C743C3 /* CameraViewController.swift */,
				AA1307C42543F10A00C743C3 /* PostCell.swift */,
				AA31E2E1254D0D720007580B /* CommentCell.swift */,
			);
			path = Parstagram;
			sourceTree = "<group>";
		};
		AA84AA0D2543BE7800CFF427 /* ParstagramTests */ = {
			isa = PBXGroup;
			children = (
				AA84AA0E2543BE7800CFF427 /* ParstagramTests.swift */,
				AA84AA102543BE7800CFF427 /* Info.plist */,
			);
			path = ParstagramTests;
			sourceTree = "<group>";
		};
		AA84AA182543BE7800CFF427 /* ParstagramUITests */ = {
			isa = PBXGroup;
			children = (
				AA84AA192543BE7800CFF427 /* ParstagramUITests.swift */,
				AA84AA1B2543BE7800CFF427 /* Info.plist */,
			);
			path = ParstagramUITests;
			sourceTree = "<group>";
		};
		DDD66E08DE6A6A8C2ADF05DA /* Pods */ = {
			isa = PBXGroup;
			children = (
				09AA86B7BF6B6359795572AF /* Pods-Parstagram.debug.xcconfig */,
				2A487932501EA578D2148104 /* Pods-Parstagram.release.xcconfig */,
				57B6782AB4A5025CC218A340 /* Pods-Parstagram-ParstagramUITests.debug.xcconfig */,
				EB1AF5CB0CFFA51FE4BF40C8 /* Pods-Parstagram-ParstagramUITests.release.xcconfig */,
				EE827572231B17F1E9AB0224 /* Pods-ParstagramTests.debug.xcconfig */,
				90EBCF534514C4DF4BAEE924 /* Pods-ParstagramTests.release.xcconfig */,
			);
			path = Pods;
			sourceTree = "<group>";
		};
/* End PBXGroup section */

/* Begin PBXNativeTarget section */
		AA84A9F32543BE7700CFF427 /* Parstagram */ = {
			isa = PBXNativeTarget;
			buildConfigurationList = AA84AA1E2543BE7800CFF427 /* Build configuration list for PBXNativeTarget "Parstagram" */;
			buildPhases = (
				9131122ADF47CE00755E3A33 /* [CP] Check Pods Manifest.lock */,
				AA84A9F02543BE7700CFF427 /* Sources */,
				AA84A9F12543BE7700CFF427 /* Frameworks */,
				AA84A9F22543BE7700CFF427 /* Resources */,
				AC2BE078C2F554D341E0182C /* [CP] Embed Pods Frameworks */,
			);
			buildRules = (
			);
			dependencies = (
			);
			name = Parstagram;
			productName = Parstagram;
			productReference = AA84A9F42543BE7700CFF427 /* Parstagram.app */;
			productType = "com.apple.product-type.application";
		};
		AA84AA092543BE7800CFF427 /* ParstagramTests */ = {
			isa = PBXNativeTarget;
			buildConfigurationList = AA84AA212543BE7800CFF427 /* Build configuration list for PBXNativeTarget "ParstagramTests" */;
			buildPhases = (
				A67AD9BB29F4FFB43368755A /* [CP] Check Pods Manifest.lock */,
				AA84AA062543BE7800CFF427 /* Sources */,
				AA84AA072543BE7800CFF427 /* Frameworks */,
				AA84AA082543BE7800CFF427 /* Resources */,
			);
			buildRules = (
			);
			dependencies = (
				AA84AA0C2543BE7800CFF427 /* PBXTargetDependency */,
			);
			name = ParstagramTests;
			productName = ParstagramTests;
			productReference = AA84AA0A2543BE7800CFF427 /* ParstagramTests.xctest */;
			productType = "com.apple.product-type.bundle.unit-test";
		};
		AA84AA142543BE7800CFF427 /* ParstagramUITests */ = {
			isa = PBXNativeTarget;
			buildConfigurationList = AA84AA242543BE7800CFF427 /* Build configuration list for PBXNativeTarget "ParstagramUITests" */;
			buildPhases = (
				486759F02E06D24D42FC9030 /* [CP] Check Pods Manifest.lock */,
				AA84AA112543BE7800CFF427 /* Sources */,
				AA84AA122543BE7800CFF427 /* Frameworks */,
				AA84AA132543BE7800CFF427 /* Resources */,
				6D3F17D1966D6F3EE7839CE9 /* [CP] Embed Pods Frameworks */,
			);
			buildRules = (
			);
			dependencies = (
				AA84AA172543BE7800CFF427 /* PBXTargetDependency */,
			);
			name = ParstagramUITests;
			productName = ParstagramUITests;
			productReference = AA84AA152543BE7800CFF427 /* ParstagramUITests.xctest */;
			productType = "com.apple.product-type.bundle.ui-testing";
		};
/* End PBXNativeTarget section */

/* Begin PBXProject section */
		AA84A9EC2543BE7700CFF427 /* Project object */ = {
			isa = PBXProject;
			attributes = {
				LastSwiftUpdateCheck = 1200;
				LastUpgradeCheck = 1200;
				TargetAttributes = {
					AA84A9F32543BE7700CFF427 = {
						CreatedOnToolsVersion = 12.0.1;
					};
					AA84AA092543BE7800CFF427 = {
						CreatedOnToolsVersion = 12.0.1;
						TestTargetID = AA84A9F32543BE7700CFF427;
					};
					AA84AA142543BE7800CFF427 = {
						CreatedOnToolsVersion = 12.0.1;
						TestTargetID = AA84A9F32543BE7700CFF427;
					};
				};
			};
			buildConfigurationList = AA84A9EF2543BE7700CFF427 /* Build configuration list for PBXProject "Parstagram" */;
			compatibilityVersion = "Xcode 9.3";
			developmentRegion = en;
			hasScannedForEncodings = 0;
			knownRegions = (
				en,
				Base,
			);
			mainGroup = AA84A9EB2543BE7700CFF427;
			productRefGroup = AA84A9F52543BE7700CFF427 /* Products */;
			projectDirPath = "";
			projectRoot = "";
			targets = (
				AA84A9F32543BE7700CFF427 /* Parstagram */,
				AA84AA092543BE7800CFF427 /* ParstagramTests */,
				AA84AA142543BE7800CFF427 /* ParstagramUITests */,
			);
		};
/* End PBXProject section */

/* Begin PBXResourcesBuildPhase section */
		AA84A9F22543BE7700CFF427 /* Resources */ = {
			isa = PBXResourcesBuildPhase;
			buildActionMask = 2147483647;
			files = (
				AA84AA042543BE7700CFF427 /* LaunchScreen.storyboard in Resources */,
				AA84AA012543BE7700CFF427 /* Assets.xcassets in Resources */,
				AA84A9FF2543BE7700CFF427 /* Main.storyboard in Resources */,
			);
			runOnlyForDeploymentPostprocessing = 0;
		};
		AA84AA082543BE7800CFF427 /* Resources */ = {
			isa = PBXResourcesBuildPhase;
			buildActionMask = 2147483647;
			files = (
			);
			runOnlyForDeploymentPostprocessing = 0;
		};
		AA84AA132543BE7800CFF427 /* Resources */ = {
			isa = PBXResourcesBuildPhase;
			buildActionMask = 2147483647;
			files = (
			);
			runOnlyForDeploymentPostprocessing = 0;
		};
/* End PBXResourcesBuildPhase section */

/* Begin PBXShellScriptBuildPhase section */
		486759F02E06D24D42FC9030 /* [CP] Check Pods Manifest.lock */ = {
			isa = PBXShellScriptBuildPhase;
			buildActionMask = 2147483647;
			files = (
			);
			inputFileListPaths = (
			);
			inputPaths = (
				"${PODS_PODFILE_DIR_PATH}/Podfile.lock",
				"${PODS_ROOT}/Manifest.lock",
			);
			name = "[CP] Check Pods Manifest.lock";
			outputFileListPaths = (
			);
			outputPaths = (
				"$(DERIVED_FILE_DIR)/Pods-Parstagram-ParstagramUITests-checkManifestLockResult.txt",
			);
			runOnlyForDeploymentPostprocessing = 0;
			shellPath = /bin/sh;
			shellScript = "diff \"${PODS_PODFILE_DIR_PATH}/Podfile.lock\" \"${PODS_ROOT}/Manifest.lock\" > /dev/null\nif [ $? != 0 ] ; then\n    # print error to STDERR\n    echo \"error: The sandbox is not in sync with the Podfile.lock. Run 'pod install' or update your CocoaPods installation.\" >&2\n    exit 1\nfi\n# This output is used by Xcode 'outputs' to avoid re-running this script phase.\necho \"SUCCESS\" > \"${SCRIPT_OUTPUT_FILE_0}\"\n";
			showEnvVarsInLog = 0;
		};
		6D3F17D1966D6F3EE7839CE9 /* [CP] Embed Pods Frameworks */ = {
			isa = PBXShellScriptBuildPhase;
			buildActionMask = 2147483647;
			files = (
			);
			inputFileListPaths = (
				"${PODS_ROOT}/Target Support Files/Pods-Parstagram-ParstagramUITests/Pods-Parstagram-ParstagramUITests-frameworks-${CONFIGURATION}-input-files.xcfilelist",
			);
			name = "[CP] Embed Pods Frameworks";
			outputFileListPaths = (
				"${PODS_ROOT}/Target Support Files/Pods-Parstagram-ParstagramUITests/Pods-Parstagram-ParstagramUITests-frameworks-${CONFIGURATION}-output-files.xcfilelist",
			);
			runOnlyForDeploymentPostprocessing = 0;
			shellPath = /bin/sh;
			shellScript = "\"${PODS_ROOT}/Target Support Files/Pods-Parstagram-ParstagramUITests/Pods-Parstagram-ParstagramUITests-frameworks.sh\"\n";
			showEnvVarsInLog = 0;
		};
		9131122ADF47CE00755E3A33 /* [CP] Check Pods Manifest.lock */ = {
			isa = PBXShellScriptBuildPhase;
			buildActionMask = 2147483647;
			files = (
			);
			inputFileListPaths = (
			);
			inputPaths = (
				"${PODS_PODFILE_DIR_PATH}/Podfile.lock",
				"${PODS_ROOT}/Manifest.lock",
			);
			name = "[CP] Check Pods Manifest.lock";
			outputFileListPaths = (
			);
			outputPaths = (
				"$(DERIVED_FILE_DIR)/Pods-Parstagram-checkManifestLockResult.txt",
			);
			runOnlyForDeploymentPostprocessing = 0;
			shellPath = /bin/sh;
			shellScript = "diff \"${PODS_PODFILE_DIR_PATH}/Podfile.lock\" \"${PODS_ROOT}/Manifest.lock\" > /dev/null\nif [ $? != 0 ] ; then\n    # print error to STDERR\n    echo \"error: The sandbox is not in sync with the Podfile.lock. Run 'pod install' or update your CocoaPods installation.\" >&2\n    exit 1\nfi\n# This output is used by Xcode 'outputs' to avoid re-running this script phase.\necho \"SUCCESS\" > \"${SCRIPT_OUTPUT_FILE_0}\"\n";
			showEnvVarsInLog = 0;
		};
		A67AD9BB29F4FFB43368755A /* [CP] Check Pods Manifest.lock */ = {
			isa = PBXShellScriptBuildPhase;
			buildActionMask = 2147483647;
			files = (
			);
			inputFileListPaths = (
			);
			inputPaths = (
				"${PODS_PODFILE_DIR_PATH}/Podfile.lock",
				"${PODS_ROOT}/Manifest.lock",
			);
			name = "[CP] Check Pods Manifest.lock";
			outputFileListPaths = (
			);
			outputPaths = (
				"$(DERIVED_FILE_DIR)/Pods-ParstagramTests-checkManifestLockResult.txt",
			);
			runOnlyForDeploymentPostprocessing = 0;
			shellPath = /bin/sh;
			shellScript = "diff \"${PODS_PODFILE_DIR_PATH}/Podfile.lock\" \"${PODS_ROOT}/Manifest.lock\" > /dev/null\nif [ $? != 0 ] ; then\n    # print error to STDERR\n    echo \"error: The sandbox is not in sync with the Podfile.lock. Run 'pod install' or update your CocoaPods installation.\" >&2\n    exit 1\nfi\n# This output is used by Xcode 'outputs' to avoid re-running this script phase.\necho \"SUCCESS\" > \"${SCRIPT_OUTPUT_FILE_0}\"\n";
			showEnvVarsInLog = 0;
		};
		AC2BE078C2F554D341E0182C /* [CP] Embed Pods Frameworks */ = {
			isa = PBXShellScriptBuildPhase;
			buildActionMask = 2147483647;
			files = (
			);
			inputFileListPaths = (
				"${PODS_ROOT}/Target Support Files/Pods-Parstagram/Pods-Parstagram-frameworks-${CONFIGURATION}-input-files.xcfilelist",
			);
			name = "[CP] Embed Pods Frameworks";
			outputFileListPaths = (
				"${PODS_ROOT}/Target Support Files/Pods-Parstagram/Pods-Parstagram-frameworks-${CONFIGURATION}-output-files.xcfilelist",
			);
			runOnlyForDeploymentPostprocessing = 0;
			shellPath = /bin/sh;
			shellScript = "\"${PODS_ROOT}/Target Support Files/Pods-Parstagram/Pods-Parstagram-frameworks.sh\"\n";
			showEnvVarsInLog = 0;
		};
/* End PBXShellScriptBuildPhase section */

/* Begin PBXSourcesBuildPhase section */
		AA84A9F02543BE7700CFF427 /* Sources */ = {
			isa = PBXSourcesBuildPhase;
			buildActionMask = 2147483647;
			files = (
				AA1307C52543F10A00C743C3 /* PostCell.swift in Sources */,
				AA1307B62543CF1900C743C3 /* LoginViewController.swift in Sources */,
				AA1307AE2543C83900C743C3 /* const.swift in Sources */,
				AA1307BB2543CF2B00C743C3 /* FeedViewController.swift in Sources */,
				AA84A9F82543BE7700CFF427 /* AppDelegate.swift in Sources */,
				AA84A9FA2543BE7700CFF427 /* SceneDelegate.swift in Sources */,
				AA1307C02543DE1200C743C3 /* CameraViewController.swift in Sources */,
				AA31E2E2254D0D720007580B /* CommentCell.swift in Sources */,
			);
			runOnlyForDeploymentPostprocessing = 0;
		};
		AA84AA062543BE7800CFF427 /* Sources */ = {
			isa = PBXSourcesBuildPhase;
			buildActionMask = 2147483647;
			files = (
				AA84AA0F2543BE7800CFF427 /* ParstagramTests.swift in Sources */,
			);
			runOnlyForDeploymentPostprocessing = 0;
		};
		AA84AA112543BE7800CFF427 /* Sources */ = {
			isa = PBXSourcesBuildPhase;
			buildActionMask = 2147483647;
			files = (
				AA84AA1A2543BE7800CFF427 /* ParstagramUITests.swift in Sources */,
			);
			runOnlyForDeploymentPostprocessing = 0;
		};
/* End PBXSourcesBuildPhase section */

/* Begin PBXTargetDependency section */
		AA84AA0C2543BE7800CFF427 /* PBXTargetDependency */ = {
			isa = PBXTargetDependency;
			target = AA84A9F32543BE7700CFF427 /* Parstagram */;
			targetProxy = AA84AA0B2543BE7800CFF427 /* PBXContainerItemProxy */;
		};
		AA84AA172543BE7800CFF427 /* PBXTargetDependency */ = {
			isa = PBXTargetDependency;
			target = AA84A9F32543BE7700CFF427 /* Parstagram */;
			targetProxy = AA84AA162543BE7800CFF427 /* PBXContainerItemProxy */;
		};
/* End PBXTargetDependency section */

/* Begin PBXVariantGroup section */
		AA84A9FD2543BE7700CFF427 /* Main.storyboard */ = {
			isa = PBXVariantGroup;
			children = (
				AA84A9FE2543BE7700CFF427 /* Base */,
			);
			name = Main.storyboard;
			sourceTree = "<group>";
		};
		AA84AA022543BE7700CFF427 /* LaunchScreen.storyboard */ = {
			isa = PBXVariantGroup;
			children = (
				AA84AA032543BE7700CFF427 /* Base */,
			);
			name = LaunchScreen.storyboard;
			sourceTree = "<group>";
		};
/* End PBXVariantGroup section */

/* Begin XCBuildConfiguration section */
		AA84AA1C2543BE7800CFF427 /* Debug */ = {
			isa = XCBuildConfiguration;
			buildSettings = {
				ALWAYS_SEARCH_USER_PATHS = NO;
				CLANG_ANALYZER_NONNULL = YES;
				CLANG_ANALYZER_NUMBER_OBJECT_CONVERSION = YES_AGGRESSIVE;
				CLANG_CXX_LANGUAGE_STANDARD = "gnu++14";
				CLANG_CXX_LIBRARY = "libc++";
				CLANG_ENABLE_MODULES = YES;
				CLANG_ENABLE_OBJC_ARC = YES;
				CLANG_ENABLE_OBJC_WEAK = YES;
				CLANG_WARN_BLOCK_CAPTURE_AUTORELEASING = YES;
				CLANG_WARN_BOOL_CONVERSION = YES;
				CLANG_WARN_COMMA = YES;
				CLANG_WARN_CONSTANT_CONVERSION = YES;
				CLANG_WARN_DEPRECATED_OBJC_IMPLEMENTATIONS = YES;
				CLANG_WARN_DIRECT_OBJC_ISA_USAGE = YES_ERROR;
				CLANG_WARN_DOCUMENTATION_COMMENTS = YES;
				CLANG_WARN_EMPTY_BODY = YES;
				CLANG_WARN_ENUM_CONVERSION = YES;
				CLANG_WARN_INFINITE_RECURSION = YES;
				CLANG_WARN_INT_CONVERSION = YES;
				CLANG_WARN_NON_LITERAL_NULL_CONVERSION = YES;
				CLANG_WARN_OBJC_IMPLICIT_RETAIN_SELF = YES;
				CLANG_WARN_OBJC_LITERAL_CONVERSION = YES;
				CLANG_WARN_OBJC_ROOT_CLASS = YES_ERROR;
				CLANG_WARN_QUOTED_INCLUDE_IN_FRAMEWORK_HEADER = YES;
				CLANG_WARN_RANGE_LOOP_ANALYSIS = YES;
				CLANG_WARN_STRICT_PROTOTYPES = YES;
				CLANG_WARN_SUSPICIOUS_MOVE = YES;
				CLANG_WARN_UNGUARDED_AVAILABILITY = YES_AGGRESSIVE;
				CLANG_WARN_UNREACHABLE_CODE = YES;
				CLANG_WARN__DUPLICATE_METHOD_MATCH = YES;
				COPY_PHASE_STRIP = NO;
				DEBUG_INFORMATION_FORMAT = dwarf;
				ENABLE_STRICT_OBJC_MSGSEND = YES;
				ENABLE_TESTABILITY = YES;
				GCC_C_LANGUAGE_STANDARD = gnu11;
				GCC_DYNAMIC_NO_PIC = NO;
				GCC_NO_COMMON_BLOCKS = YES;
				GCC_OPTIMIZATION_LEVEL = 0;
				GCC_PREPROCESSOR_DEFINITIONS = (
					"DEBUG=1",
					"$(inherited)",
				);
				GCC_WARN_64_TO_32_BIT_CONVERSION = YES;
				GCC_WARN_ABOUT_RETURN_TYPE = YES_ERROR;
				GCC_WARN_UNDECLARED_SELECTOR = YES;
				GCC_WARN_UNINITIALIZED_AUTOS = YES_AGGRESSIVE;
				GCC_WARN_UNUSED_FUNCTION = YES;
				GCC_WARN_UNUSED_VARIABLE = YES;
				IPHONEOS_DEPLOYMENT_TARGET = 14.0;
				MTL_ENABLE_DEBUG_INFO = INCLUDE_SOURCE;
				MTL_FAST_MATH = YES;
				ONLY_ACTIVE_ARCH = YES;
				SDKROOT = iphoneos;
				SWIFT_ACTIVE_COMPILATION_CONDITIONS = DEBUG;
				SWIFT_OPTIMIZATION_LEVEL = "-Onone";
			};
			name = Debug;
		};
		AA84AA1D2543BE7800CFF427 /* Release */ = {
			isa = XCBuildConfiguration;
			buildSettings = {
				ALWAYS_SEARCH_USER_PATHS = NO;
				CLANG_ANALYZER_NONNULL = YES;
				CLANG_ANALYZER_NUMBER_OBJECT_CONVERSION = YES_AGGRESSIVE;
				CLANG_CXX_LANGUAGE_STANDARD = "gnu++14";
				CLANG_CXX_LIBRARY = "libc++";
				CLANG_ENABLE_MODULES = YES;
				CLANG_ENABLE_OBJC_ARC = YES;
				CLANG_ENABLE_OBJC_WEAK = YES;
				CLANG_WARN_BLOCK_CAPTURE_AUTORELEASING = YES;
				CLANG_WARN_BOOL_CONVERSION = YES;
				CLANG_WARN_COMMA = YES;
				CLANG_WARN_CONSTANT_CONVERSION = YES;
				CLANG_WARN_DEPRECATED_OBJC_IMPLEMENTATIONS = YES;
				CLANG_WARN_DIRECT_OBJC_ISA_USAGE = YES_ERROR;
				CLANG_WARN_DOCUMENTATION_COMMENTS = YES;
				CLANG_WARN_EMPTY_BODY = YES;
				CLANG_WARN_ENUM_CONVERSION = YES;
				CLANG_WARN_INFINITE_RECURSION = YES;
				CLANG_WARN_INT_CONVERSION = YES;
				CLANG_WARN_NON_LITERAL_NULL_CONVERSION = YES;
				CLANG_WARN_OBJC_IMPLICIT_RETAIN_SELF = YES;
				CLANG_WARN_OBJC_LITERAL_CONVERSION = YES;
				CLANG_WARN_OBJC_ROOT_CLASS = YES_ERROR;
				CLANG_WARN_QUOTED_INCLUDE_IN_FRAMEWORK_HEADER = YES;
				CLANG_WARN_RANGE_LOOP_ANALYSIS = YES;
				CLANG_WARN_STRICT_PROTOTYPES = YES;
				CLANG_WARN_SUSPICIOUS_MOVE = YES;
				CLANG_WARN_UNGUARDED_AVAILABILITY = YES_AGGRESSIVE;
				CLANG_WARN_UNREACHABLE_CODE = YES;
				CLANG_WARN__DUPLICATE_METHOD_MATCH = YES;
				COPY_PHASE_STRIP = NO;
				DEBUG_INFORMATION_FORMAT = "dwarf-with-dsym";
				ENABLE_NS_ASSERTIONS = NO;
				ENABLE_STRICT_OBJC_MSGSEND = YES;
				GCC_C_LANGUAGE_STANDARD = gnu11;
				GCC_NO_COMMON_BLOCKS = YES;
				GCC_WARN_64_TO_32_BIT_CONVERSION = YES;
				GCC_WARN_ABOUT_RETURN_TYPE = YES_ERROR;
				GCC_WARN_UNDECLARED_SELECTOR = YES;
				GCC_WARN_UNINITIALIZED_AUTOS = YES_AGGRESSIVE;
				GCC_WARN_UNUSED_FUNCTION = YES;
				GCC_WARN_UNUSED_VARIABLE = YES;
				IPHONEOS_DEPLOYMENT_TARGET = 14.0;
				MTL_ENABLE_DEBUG_INFO = NO;
				MTL_FAST_MATH = YES;
				SDKROOT = iphoneos;
				SWIFT_COMPILATION_MODE = wholemodule;
				SWIFT_OPTIMIZATION_LEVEL = "-O";
				VALIDATE_PRODUCT = YES;
			};
			name = Release;
		};
		AA84AA1F2543BE7800CFF427 /* Debug */ = {
			isa = XCBuildConfiguration;
			baseConfigurationReference = 09AA86B7BF6B6359795572AF /* Pods-Parstagram.debug.xcconfig */;
			buildSettings = {
				ASSETCATALOG_COMPILER_APPICON_NAME = AppIcon;
				ASSETCATALOG_COMPILER_GLOBAL_ACCENT_COLOR_NAME = AccentColor;
				CODE_SIGN_STYLE = Automatic;
				DEVELOPMENT_TEAM = A7HW732LQA;
				INFOPLIST_FILE = Parstagram/Info.plist;
				LD_RUNPATH_SEARCH_PATHS = (
					"$(inherited)",
					"@executable_path/Frameworks",
				);
				PRODUCT_BUNDLE_IDENTIFIER = codepath.Parstagram;
				PRODUCT_NAME = "$(TARGET_NAME)";
				SWIFT_VERSION = 5.0;
				TARGETED_DEVICE_FAMILY = "1,2";
			};
			name = Debug;
		};
		AA84AA202543BE7800CFF427 /* Release */ = {
			isa = XCBuildConfiguration;
			baseConfigurationReference = 2A487932501EA578D2148104 /* Pods-Parstagram.release.xcconfig */;
			buildSettings = {
				ASSETCATALOG_COMPILER_APPICON_NAME = AppIcon;
				ASSETCATALOG_COMPILER_GLOBAL_ACCENT_COLOR_NAME = AccentColor;
				CODE_SIGN_STYLE = Automatic;
				DEVELOPMENT_TEAM = A7HW732LQA;
				INFOPLIST_FILE = Parstagram/Info.plist;
				LD_RUNPATH_SEARCH_PATHS = (
					"$(inherited)",
					"@executable_path/Frameworks",
				);
				PRODUCT_BUNDLE_IDENTIFIER = codepath.Parstagram;
				PRODUCT_NAME = "$(TARGET_NAME)";
				SWIFT_VERSION = 5.0;
				TARGETED_DEVICE_FAMILY = "1,2";
			};
			name = Release;
		};
		AA84AA222543BE7800CFF427 /* Debug */ = {
			isa = XCBuildConfiguration;
			baseConfigurationReference = EE827572231B17F1E9AB0224 /* Pods-ParstagramTests.debug.xcconfig */;
			buildSettings = {
				ALWAYS_EMBED_SWIFT_STANDARD_LIBRARIES = YES;
				BUNDLE_LOADER = "$(TEST_HOST)";
				CODE_SIGN_STYLE = Automatic;
				DEVELOPMENT_TEAM = A7HW732LQA;
				INFOPLIST_FILE = ParstagramTests/Info.plist;
				IPHONEOS_DEPLOYMENT_TARGET = 14.0;
				LD_RUNPATH_SEARCH_PATHS = (
					"$(inherited)",
					"@executable_path/Frameworks",
					"@loader_path/Frameworks",
				);
				PRODUCT_BUNDLE_IDENTIFIER = codepath.ParstagramTests;
				PRODUCT_NAME = "$(TARGET_NAME)";
				SWIFT_VERSION = 5.0;
				TARGETED_DEVICE_FAMILY = "1,2";
				TEST_HOST = "$(BUILT_PRODUCTS_DIR)/Parstagram.app/Parstagram";
			};
			name = Debug;
		};
		AA84AA232543BE7800CFF427 /* Release */ = {
			isa = XCBuildConfiguration;
			baseConfigurationReference = 90EBCF534514C4DF4BAEE924 /* Pods-ParstagramTests.release.xcconfig */;
			buildSettings = {
				ALWAYS_EMBED_SWIFT_STANDARD_LIBRARIES = YES;
				BUNDLE_LOADER = "$(TEST_HOST)";
				CODE_SIGN_STYLE = Automatic;
				DEVELOPMENT_TEAM = A7HW732LQA;
				INFOPLIST_FILE = ParstagramTests/Info.plist;
				IPHONEOS_DEPLOYMENT_TARGET = 14.0;
				LD_RUNPATH_SEARCH_PATHS = (
					"$(inherited)",
					"@executable_path/Frameworks",
					"@loader_path/Frameworks",
				);
				PRODUCT_BUNDLE_IDENTIFIER = codepath.ParstagramTests;
				PRODUCT_NAME = "$(TARGET_NAME)";
				SWIFT_VERSION = 5.0;
				TARGETED_DEVICE_FAMILY = "1,2";
				TEST_HOST = "$(BUILT_PRODUCTS_DIR)/Parstagram.app/Parstagram";
			};
			name = Release;
		};
		AA84AA252543BE7800CFF427 /* Debug */ = {
			isa = XCBuildConfiguration;
			baseConfigurationReference = 57B6782AB4A5025CC218A340 /* Pods-Parstagram-ParstagramUITests.debug.xcconfig */;
			buildSettings = {
				ALWAYS_EMBED_SWIFT_STANDARD_LIBRARIES = YES;
				CODE_SIGN_STYLE = Automatic;
				DEVELOPMENT_TEAM = A7HW732LQA;
				INFOPLIST_FILE = ParstagramUITests/Info.plist;
				LD_RUNPATH_SEARCH_PATHS = (
					"$(inherited)",
					"@executable_path/Frameworks",
					"@loader_path/Frameworks",
				);
				PRODUCT_BUNDLE_IDENTIFIER = codepath.ParstagramUITests;
				PRODUCT_NAME = "$(TARGET_NAME)";
				SWIFT_VERSION = 5.0;
				TARGETED_DEVICE_FAMILY = "1,2";
				TEST_TARGET_NAME = Parstagram;
			};
			name = Debug;
		};
		AA84AA262543BE7800CFF427 /* Release */ = {
			isa = XCBuildConfiguration;
			baseConfigurationReference = EB1AF5CB0CFFA51FE4BF40C8 /* Pods-Parstagram-ParstagramUITests.release.xcconfig */;
			buildSettings = {
				ALWAYS_EMBED_SWIFT_STANDARD_LIBRARIES = YES;
				CODE_SIGN_STYLE = Automatic;
				DEVELOPMENT_TEAM = A7HW732LQA;
				INFOPLIST_FILE = ParstagramUITests/Info.plist;
				LD_RUNPATH_SEARCH_PATHS = (
					"$(inherited)",
					"@executable_path/Frameworks",
					"@loader_path/Frameworks",
				);
				PRODUCT_BUNDLE_IDENTIFIER = codepath.ParstagramUITests;
				PRODUCT_NAME = "$(TARGET_NAME)";
				SWIFT_VERSION = 5.0;
				TARGETED_DEVICE_FAMILY = "1,2";
				TEST_TARGET_NAME = Parstagram;
			};
			name = Release;
		};
/* End XCBuildConfiguration section */

/* Begin XCConfigurationList section */
		AA84A9EF2543BE7700CFF427 /* Build configuration list for PBXProject "Parstagram" */ = {
			isa = XCConfigurationList;
			buildConfigurations = (
				AA84AA1C2543BE7800CFF427 /* Debug */,
				AA84AA1D2543BE7800CFF427 /* Release */,
			);
			defaultConfigurationIsVisible = 0;
			defaultConfigurationName = Release;
		};
		AA84AA1E2543BE7800CFF427 /* Build configuration list for PBXNativeTarget "Parstagram" */ = {
			isa = XCConfigurationList;
			buildConfigurations = (
				AA84AA1F2543BE7800CFF427 /* Debug */,
				AA84AA202543BE7800CFF427 /* Release */,
			);
			defaultConfigurationIsVisible = 0;
			defaultConfigurationName = Release;
		};
		AA84AA212543BE7800CFF427 /* Build configuration list for PBXNativeTarget "ParstagramTests" */ = {
			isa = XCConfigurationList;
			buildConfigurations = (
				AA84AA222543BE7800CFF427 /* Debug */,
				AA84AA232543BE7800CFF427 /* Release */,
			);
			defaultConfigurationIsVisible = 0;
			defaultConfigurationName = Release;
		};
		AA84AA242543BE7800CFF427 /* Build configuration list for PBXNativeTarget "ParstagramUITests" */ = {
			isa = XCConfigurationList;
			buildConfigurations = (
				AA84AA252543BE7800CFF427 /* Debug */,
				AA84AA262543BE7800CFF427 /* Release */,
			);
			defaultConfigurationIsVisible = 0;
			defaultConfigurationName = Release;
		};
/* End XCConfigurationList section */
	};
	rootObject = AA84A9EC2543BE7700CFF427 /* Project object */;
}
